
Microsoft Visual Studio Solution File, Format Version 12.00
# Visual Studio Version 17
VisualStudioVersion = 17.7.34031.279
MinimumVisualStudioVersion = 10.0.40219.1
Project("{FAE04EC0-301F-11D3-BF4B-00C04F79EFBC}") = "Height Width Bug", "Height Width Bug\Height Width Bug.csproj", "{38E73644-B4B6-4EA9-92AD-FAD51F489AAD}"
EndProject
Global
	GlobalSection(SolutionConfigurationPlatforms) = preSolution
		Debug|Any CPU = Debug|Any CPU
		Release|Any CPU = Release|Any CPU
	EndGlobalSection
	GlobalSection(ProjectConfigurationPlatforms) = postSolution
		{38E73644-B4B6-4EA9-92AD-FAD51F489AAD}.Debug|Any CPU.ActiveCfg = Debug|Any CPU
		{38E73644-B4B6-4EA9-92AD-FAD51F489AAD}.Debug|Any CPU.Build.0 = Debug|Any CPU
		{38E73644-B4B6-4EA9-92AD-FAD51F489AAD}.Debug|Any CPU.Deploy.0 = Debug|Any CPU
		{38E73644-B4B6-4EA9-92AD-FAD51F489AAD}.Release|Any CPU.ActiveCfg = Release|Any CPU
		{38E73644-B4B6-4EA9-92AD-FAD51F489AAD}.Release|Any CPU.Build.0 = Release|Any CPU
		{38E73644-B4B6-4EA9-92AD-FAD51F489AAD}.Release|Any CPU.Deploy.0 = Release|Any CPU
	EndGlobalSection
	GlobalSection(SolutionProperties) = preSolution
		HideSolutionNode = FALSE
	EndGlobalSection
	GlobalSection(ExtensibilityGlobals) = postSolution
		SolutionGuid = {3296B349-BF6B-4765-9329-17BAAE712C49}
	EndGlobalSection
EndGlobal
